<?xml version="1.0" encoding="utf-8"?>
<Project ToolsVersion="4.0" xmlns="http://schemas.microsoft.com/developer/msbuild/2003">
  <ItemGroup>
    <Filter Include="Oasis">
      <UniqueIdentifier>{E4B7CB0D-50CC-F3BE-194E-971E8521F0EF}</UniqueIdentifier>
    </Filter>
    <Filter Include="Oasis\Events">
      <UniqueIdentifier>{481BAF80-347E-3E25-DD03-77DBC9450AA8}</UniqueIdentifier>
    </Filter>
    <Filter Include="paltform">
      <UniqueIdentifier>{EA85AB07-D652-0613-FF6B-F4BAEB973BA1}</UniqueIdentifier>
    </Filter>
    <Filter Include="paltform\Windows">
      <UniqueIdentifier>{247A2D29-1073-4C7B-39A5-310025FD2B87}</UniqueIdentifier>
    </Filter>
  </ItemGroup>
  <ItemGroup>
    <ClInclude Include="src\Oasis.h" />
    <ClInclude Include="src\Oasis\Application.h">
      <Filter>Oasis</Filter>
    </ClInclude>
    <ClInclude Include="src\Oasis\Core.h">
      <Filter>Oasis</Filter>
    </ClInclude>
    <ClInclude Include="src\Oasis\EntryPoint.h">
      <Filter>Oasis</Filter>
    </ClInclude>
    <ClInclude Include="src\Oasis\Events\ApplicationEvent.h">
      <Filter>Oasis\Events</Filter>
    </ClInclude>
    <ClInclude Include="src\Oasis\Events\Event.h">
      <Filter>Oasis\Events</Filter>
    </ClInclude>
    <ClInclude Include="src\Oasis\Events\MouseEvent.h">
      <Filter>Oasis\Events</Filter>
    </ClInclude>
    <ClInclude Include="src\Oasis\Events\keyEvent.h">
      <Filter>Oasis\Events</Filter>
    </ClInclude>
    <ClInclude Include="src\Oasis\Layer.h">
      <Filter>Oasis</Filter>
    </ClInclude>
    <ClInclude Include="src\Oasis\LayerStack.h">
      <Filter>Oasis</Filter>
    </ClInclude>
    <ClInclude Include="src\Oasis\Log.h">
      <Filter>Oasis</Filter>
    </ClInclude>
    <ClInclude Include="src\Oasis\Window.h">
      <Filter>Oasis</Filter>
    </ClInclude>
    <ClInclude Include="src\paltform\Windows\WindowsWindow.h">
      <Filter>paltform\Windows</Filter>
    </ClInclude>
  </ItemGroup>
  <ItemGroup>
    <ClCompile Include="src\Oasis\Application.cpp">
      <Filter>Oasis</Filter>
    </ClCompile>
    <ClCompile Include="src\Oasis\Layer.cpp">
      <Filter>Oasis</Filter>
    </ClCompile>
    <ClCompile Include="src\Oasis\LayerStack.cpp">
      <Filter>Oasis</Filter>
    </ClCompile>
    <ClCompile Include="src\Oasis\Log.cpp">
      <Filter>Oasis</Filter>
    </ClCompile>
    <ClCompile Include="src\paltform\Windows\WindowsWindow.cpp">
      <Filter>paltform\Windows</Filter>
    </ClCompile>
  </ItemGroup>
</Project>